// !$*UTF8*$!
{
	archiveVersion = 1;
	classes = {
	};
	objectVersion = 46;
	objects = {

/* Begin PBXBuildFile section */
		36FCE41E19170E0231CC86EB /* libPods-XBotInstall.a in Frameworks */ = {isa = PBXBuildFile; fileRef = 44CCDC2F8EC961DC4143E2C0 /* libPods-XBotInstall.a */; };
		46163E7D1D615795006192F4 /* AFURLSessionManagerExtend.m in Sources */ = {isa = PBXBuildFile; fileRef = 46163E7C1D615795006192F4 /* AFURLSessionManagerExtend.m */; };
		4637FCB51D5DAB9F002E6278 /* main.m in Sources */ = {isa = PBXBuildFile; fileRef = 4637FCB41D5DAB9F002E6278 /* main.m */; };
		4637FCB81D5DAB9F002E6278 /* AppDelegate.m in Sources */ = {isa = PBXBuildFile; fileRef = 4637FCB71D5DAB9F002E6278 /* AppDelegate.m */; };
		4637FCBE1D5DAB9F002E6278 /* Main.storyboard in Resources */ = {isa = PBXBuildFile; fileRef = 4637FCBC1D5DAB9F002E6278 /* Main.storyboard */; };
		4637FCC11D5DAB9F002E6278 /* XBotInstall.xcdatamodeld in Sources */ = {isa = PBXBuildFile; fileRef = 4637FCBF1D5DAB9F002E6278 /* XBotInstall.xcdatamodeld */; };
		4637FCC31D5DAB9F002E6278 /* Assets.xcassets in Resources */ = {isa = PBXBuildFile; fileRef = 4637FCC21D5DAB9F002E6278 /* Assets.xcassets */; };
		4637FCC61D5DAB9F002E6278 /* LaunchScreen.storyboard in Resources */ = {isa = PBXBuildFile; fileRef = 4637FCC41D5DAB9F002E6278 /* LaunchScreen.storyboard */; };
		466D594C1D618F4F00488C38 /* BotsViewController.m in Sources */ = {isa = PBXBuildFile; fileRef = 466D594B1D618F4F00488C38 /* BotsViewController.m */; };
		466D59521D61948600488C38 /* HttpResult.m in Sources */ = {isa = PBXBuildFile; fileRef = 466D59511D61948600488C38 /* HttpResult.m */; };
		466D59551D619BD500488C38 /* BotInfo.m in Sources */ = {isa = PBXBuildFile; fileRef = 466D59541D619BD500488C38 /* BotInfo.m */; };
		466D59591D61BD9F00488C38 /* UIViewController+HUD.m in Sources */ = {isa = PBXBuildFile; fileRef = 466D59581D61BD9F00488C38 /* UIViewController+HUD.m */; };
		466D595C1D61C07300488C38 /* BotCell.m in Sources */ = {isa = PBXBuildFile; fileRef = 466D595B1D61C07300488C38 /* BotCell.m */; };
		466D595F1D61D66200488C38 /* AFNetworking+Center.m in Sources */ = {isa = PBXBuildFile; fileRef = 466D595E1D61D66200488C38 /* AFNetworking+Center.m */; };
		466D59621D61D78A00488C38 /* Configuration.m in Sources */ = {isa = PBXBuildFile; fileRef = 466D59611D61D78A00488C38 /* Configuration.m */; };
		466D59651D62E91200488C38 /* IntegrationsViewController.m in Sources */ = {isa = PBXBuildFile; fileRef = 466D59641D62E91200488C38 /* IntegrationsViewController.m */; };
		466D596B1D62FD1600488C38 /* IntegrationsInfo.m in Sources */ = {isa = PBXBuildFile; fileRef = 466D596A1D62FD1600488C38 /* IntegrationsInfo.m */; };
		466D596E1D6331FE00488C38 /* DetailCell.m in Sources */ = {isa = PBXBuildFile; fileRef = 466D596D1D6331FE00488C38 /* DetailCell.m */; };
		466D59771D644DD100488C38 /* CommitsInfo.m in Sources */ = {isa = PBXBuildFile; fileRef = 466D59761D644DD100488C38 /* CommitsInfo.m */; };
		466D597A1D646E3000488C38 /* CommitCell.m in Sources */ = {isa = PBXBuildFile; fileRef = 466D59791D646E3000488C38 /* CommitCell.m */; };
		466D597D1D64763A00488C38 /* InstallerTableViewController.m in Sources */ = {isa = PBXBuildFile; fileRef = 466D597C1D64763A00488C38 /* InstallerTableViewController.m */; };
		466D59801D65672700488C38 /* NSString+Extend.m in Sources */ = {isa = PBXBuildFile; fileRef = 466D597F1D65672700488C38 /* NSString+Extend.m */; };
		46DBACB41D5DB5D10082E1B0 /* HttpRequest.m in Sources */ = {isa = PBXBuildFile; fileRef = 46DBACB31D5DB5D10082E1B0 /* HttpRequest.m */; };
/* End PBXBuildFile section */

/* Begin PBXFileReference section */
		1957E6A2D883025145C15C7D /* Pods-XBotInstall.release.xcconfig */ = {isa = PBXFileReference; includeInIndex = 1; lastKnownFileType = text.xcconfig; name = "Pods-XBotInstall.release.xcconfig"; path = "Pods/Target Support Files/Pods-XBotInstall/Pods-XBotInstall.release.xcconfig"; sourceTree = "<group>"; };
		44CCDC2F8EC961DC4143E2C0 /* libPods-XBotInstall.a */ = {isa = PBXFileReference; explicitFileType = archive.ar; includeInIndex = 0; path = "libPods-XBotInstall.a"; sourceTree = BUILT_PRODUCTS_DIR; };
		46163E7B1D615795006192F4 /* AFURLSessionManagerExtend.h */ = {isa = PBXFileReference; fileEncoding = 4; lastKnownFileType = sourcecode.c.h; name = AFURLSessionManagerExtend.h; path = Base/AFURLSessionManagerExtend.h; sourceTree = "<group>"; };
		46163E7C1D615795006192F4 /* AFURLSessionManagerExtend.m */ = {isa = PBXFileReference; fileEncoding = 4; lastKnownFileType = sourcecode.c.objc; name = AFURLSessionManagerExtend.m; path = Base/AFURLSessionManagerExtend.m; sourceTree = "<group>"; };
		4637FCB01D5DAB9F002E6278 /* XBotInstall.app */ = {isa = PBXFileReference; explicitFileType = wrapper.application; includeInIndex = 0; path = XBotInstall.app; sourceTree = BUILT_PRODUCTS_DIR; };
		4637FCB41D5DAB9F002E6278 /* main.m */ = {isa = PBXFileReference; lastKnownFileType = sourcecode.c.objc; path = main.m; sourceTree = "<group>"; };
		4637FCB61D5DAB9F002E6278 /* AppDelegate.h */ = {isa = PBXFileReference; lastKnownFileType = sourcecode.c.h; path = AppDelegate.h; sourceTree = "<group>"; };
		4637FCB71D5DAB9F002E6278 /* AppDelegate.m */ = {isa = PBXFileReference; lastKnownFileType = sourcecode.c.objc; path = AppDelegate.m; sourceTree = "<group>"; };
		4637FCBD1D5DAB9F002E6278 /* Base */ = {isa = PBXFileReference; lastKnownFileType = file.storyboard; name = Base; path = Base.lproj/Main.storyboard; sourceTree = "<group>"; };
		4637FCC01D5DAB9F002E6278 /* XBotInstall.xcdatamodel */ = {isa = PBXFileReference; lastKnownFileType = wrapper.xcdatamodel; path = XBotInstall.xcdatamodel; sourceTree = "<group>"; };
		4637FCC21D5DAB9F002E6278 /* Assets.xcassets */ = {isa = PBXFileReference; lastKnownFileType = folder.assetcatalog; path = Assets.xcassets; sourceTree = "<group>"; };
		4637FCC51D5DAB9F002E6278 /* Base */ = {isa = PBXFileReference; lastKnownFileType = file.storyboard; name = Base; path = Base.lproj/LaunchScreen.storyboard; sourceTree = "<group>"; };
		4637FCC71D5DAB9F002E6278 /* Info.plist */ = {isa = PBXFileReference; lastKnownFileType = text.plist.xml; path = Info.plist; sourceTree = "<group>"; };
		466D594A1D618F4F00488C38 /* BotsViewController.h */ = {isa = PBXFileReference; fileEncoding = 4; lastKnownFileType = sourcecode.c.h; name = BotsViewController.h; path = Main/BotsViewController.h; sourceTree = "<group>"; };
		466D594B1D618F4F00488C38 /* BotsViewController.m */ = {isa = PBXFileReference; fileEncoding = 4; lastKnownFileType = sourcecode.c.objc; name = BotsViewController.m; path = Main/BotsViewController.m; sourceTree = "<group>"; };
		466D59501D61948600488C38 /* HttpResult.h */ = {isa = PBXFileReference; fileEncoding = 4; lastKnownFileType = sourcecode.c.h; name = HttpResult.h; path = Base/HttpResult.h; sourceTree = "<group>"; };
		466D59511D61948600488C38 /* HttpResult.m */ = {isa = PBXFileReference; fileEncoding = 4; lastKnownFileType = sourcecode.c.objc; name = HttpResult.m; path = Base/HttpResult.m; sourceTree = "<group>"; };
		466D59531D619BD500488C38 /* BotInfo.h */ = {isa = PBXFileReference; fileEncoding = 4; lastKnownFileType = sourcecode.c.h; name = BotInfo.h; path = Main/Base/BotInfo.h; sourceTree = "<group>"; };
		466D59541D619BD500488C38 /* BotInfo.m */ = {isa = PBXFileReference; fileEncoding = 4; lastKnownFileType = sourcecode.c.objc; name = BotInfo.m; path = Main/Base/BotInfo.m; sourceTree = "<group>"; };
		466D59571D61BD9F00488C38 /* UIViewController+HUD.h */ = {isa = PBXFileReference; fileEncoding = 4; lastKnownFileType = sourcecode.c.h; path = "UIViewController+HUD.h"; sourceTree = "<group>"; };
		466D59581D61BD9F00488C38 /* UIViewController+HUD.m */ = {isa = PBXFileReference; fileEncoding = 4; lastKnownFileType = sourcecode.c.objc; path = "UIViewController+HUD.m"; sourceTree = "<group>"; };
		466D595A1D61C07300488C38 /* BotCell.h */ = {isa = PBXFileReference; fileEncoding = 4; lastKnownFileType = sourcecode.c.h; name = BotCell.h; path = Main/Base/BotCell.h; sourceTree = "<group>"; };
		466D595B1D61C07300488C38 /* BotCell.m */ = {isa = PBXFileReference; fileEncoding = 4; lastKnownFileType = sourcecode.c.objc; name = BotCell.m; path = Main/Base/BotCell.m; sourceTree = "<group>"; };
		466D595D1D61D66200488C38 /* AFNetworking+Center.h */ = {isa = PBXFileReference; fileEncoding = 4; lastKnownFileType = sourcecode.c.h; name = "AFNetworking+Center.h"; path = "Base/AFNetworking+Center.h"; sourceTree = "<group>"; };
		466D595E1D61D66200488C38 /* AFNetworking+Center.m */ = {isa = PBXFileReference; fileEncoding = 4; lastKnownFileType = sourcecode.c.objc; name = "AFNetworking+Center.m"; path = "Base/AFNetworking+Center.m"; sourceTree = "<group>"; };
		466D59601D61D78A00488C38 /* Configuration.h */ = {isa = PBXFileReference; fileEncoding = 4; lastKnownFileType = sourcecode.c.h; name = Configuration.h; path = Base/Configuration.h; sourceTree = "<group>"; };
		466D59611D61D78A00488C38 /* Configuration.m */ = {isa = PBXFileReference; fileEncoding = 4; lastKnownFileType = sourcecode.c.objc; name = Configuration.m; path = Base/Configuration.m; sourceTree = "<group>"; };
		466D59631D62E91200488C38 /* IntegrationsViewController.h */ = {isa = PBXFileReference; fileEncoding = 4; lastKnownFileType = sourcecode.c.h; name = IntegrationsViewController.h; path = Main/IntegrationsViewController.h; sourceTree = "<group>"; };
		466D59641D62E91200488C38 /* IntegrationsViewController.m */ = {isa = PBXFileReference; fileEncoding = 4; lastKnownFileType = sourcecode.c.objc; name = IntegrationsViewController.m; path = Main/IntegrationsViewController.m; sourceTree = "<group>"; };
		466D59691D62FD1600488C38 /* IntegrationsInfo.h */ = {isa = PBXFileReference; fileEncoding = 4; lastKnownFileType = sourcecode.c.h; name = IntegrationsInfo.h; path = Main/Base/IntegrationsInfo.h; sourceTree = "<group>"; };
		466D596A1D62FD1600488C38 /* IntegrationsInfo.m */ = {isa = PBXFileReference; fileEncoding = 4; lastKnownFileType = sourcecode.c.objc; name = IntegrationsInfo.m; path = Main/Base/IntegrationsInfo.m; sourceTree = "<group>"; };
		466D596C1D6331FE00488C38 /* DetailCell.h */ = {isa = PBXFileReference; fileEncoding = 4; lastKnownFileType = sourcecode.c.h; name = DetailCell.h; path = Main/Base/DetailCell.h; sourceTree = "<group>"; };
		466D596D1D6331FE00488C38 /* DetailCell.m */ = {isa = PBXFileReference; fileEncoding = 4; lastKnownFileType = sourcecode.c.objc; name = DetailCell.m; path = Main/Base/DetailCell.m; sourceTree = "<group>"; };
		466D59751D644DD100488C38 /* CommitsInfo.h */ = {isa = PBXFileReference; fileEncoding = 4; lastKnownFileType = sourcecode.c.h; name = CommitsInfo.h; path = Base/CommitsInfo.h; sourceTree = "<group>"; };
		466D59761D644DD100488C38 /* CommitsInfo.m */ = {isa = PBXFileReference; fileEncoding = 4; lastKnownFileType = sourcecode.c.objc; name = CommitsInfo.m; path = Base/CommitsInfo.m; sourceTree = "<group>"; };
		466D59781D646E3000488C38 /* CommitCell.h */ = {isa = PBXFileReference; fileEncoding = 4; lastKnownFileType = sourcecode.c.h; name = CommitCell.h; path = Main/Base/CommitCell.h; sourceTree = "<group>"; };
		466D59791D646E3000488C38 /* CommitCell.m */ = {isa = PBXFileReference; fileEncoding = 4; lastKnownFileType = sourcecode.c.objc; name = CommitCell.m; path = Main/Base/CommitCell.m; sourceTree = "<group>"; };
		466D597B1D64763A00488C38 /* InstallerTableViewController.h */ = {isa = PBXFileReference; fileEncoding = 4; lastKnownFileType = sourcecode.c.h; name = InstallerTableViewController.h; path = Main/InstallerTableViewController.h; sourceTree = "<group>"; };
		466D597C1D64763A00488C38 /* InstallerTableViewController.m */ = {isa = PBXFileReference; fileEncoding = 4; lastKnownFileType = sourcecode.c.objc; name = InstallerTableViewController.m; path = Main/InstallerTableViewController.m; sourceTree = "<group>"; };
		466D597E1D65672700488C38 /* NSString+Extend.h */ = {isa = PBXFileReference; fileEncoding = 4; lastKnownFileType = sourcecode.c.h; name = "NSString+Extend.h"; path = "Base/NSString+Extend.h"; sourceTree = "<group>"; };
		466D597F1D65672700488C38 /* NSString+Extend.m */ = {isa = PBXFileReference; fileEncoding = 4; lastKnownFileType = sourcecode.c.objc; name = "NSString+Extend.m"; path = "Base/NSString+Extend.m"; sourceTree = "<group>"; };
		46DBACB21D5DB5D10082E1B0 /* HttpRequest.h */ = {isa = PBXFileReference; fileEncoding = 4; lastKnownFileType = sourcecode.c.h; name = HttpRequest.h; path = Base/HttpRequest.h; sourceTree = "<group>"; };
		46DBACB31D5DB5D10082E1B0 /* HttpRequest.m */ = {isa = PBXFileReference; fileEncoding = 4; lastKnownFileType = sourcecode.c.objc; name = HttpRequest.m; path = Base/HttpRequest.m; sourceTree = "<group>"; };
		82F6D119E6786C8134DB5A18 /* Pods-XBotInstall.debug.xcconfig */ = {isa = PBXFileReference; includeInIndex = 1; lastKnownFileType = text.xcconfig; name = "Pods-XBotInstall.debug.xcconfig"; path = "Pods/Target Support Files/Pods-XBotInstall/Pods-XBotInstall.debug.xcconfig"; sourceTree = "<group>"; };
/* End PBXFileReference section */

/* Begin PBXFrameworksBuildPhase section */
		4637FCAD1D5DAB9F002E6278 /* Frameworks */ = {
			isa = PBXFrameworksBuildPhase;
			buildActionMask = 2147483647;
			files = (
				36FCE41E19170E0231CC86EB /* libPods-XBotInstall.a in Frameworks */,
			);
			runOnlyForDeploymentPostprocessing = 0;
		};
/* End PBXFrameworksBuildPhase section */

/* Begin PBXGroup section */
		4637FCA71D5DAB9F002E6278 = {
			isa = PBXGroup;
			children = (
				4637FCB21D5DAB9F002E6278 /* XBotInstall */,
				4637FCB11D5DAB9F002E6278 /* Products */,
				E7B80C20FF87C359B5118CDB /* Pods */,
				5E2C3C970158E79A2BA25E72 /* Frameworks */,
			);
			sourceTree = "<group>";
		};
		4637FCB11D5DAB9F002E6278 /* Products */ = {
			isa = PBXGroup;
			children = (
				4637FCB01D5DAB9F002E6278 /* XBotInstall.app */,
			);
			name = Products;
			sourceTree = "<group>";
		};
		4637FCB21D5DAB9F002E6278 /* XBotInstall */ = {
			isa = PBXGroup;
			children = (
				46DBACB01D5DAE4C0082E1B0 /* Base */,
				46DBACB11D5DB43B0082E1B0 /* Main */,
				4637FCB61D5DAB9F002E6278 /* AppDelegate.h */,
				4637FCB71D5DAB9F002E6278 /* AppDelegate.m */,
				4637FCBC1D5DAB9F002E6278 /* Main.storyboard */,
				4637FCC21D5DAB9F002E6278 /* Assets.xcassets */,
				4637FCC41D5DAB9F002E6278 /* LaunchScreen.storyboard */,
				4637FCC71D5DAB9F002E6278 /* Info.plist */,
				4637FCBF1D5DAB9F002E6278 /* XBotInstall.xcdatamodeld */,
				4637FCB31D5DAB9F002E6278 /* Supporting Files */,
			);
			path = XBotInstall;
			sourceTree = "<group>";
		};
		4637FCB31D5DAB9F002E6278 /* Supporting Files */ = {
			isa = PBXGroup;
			children = (
				4637FCB41D5DAB9F002E6278 /* main.m */,
			);
			name = "Supporting Files";
			sourceTree = "<group>";
		};
		466D59561D619BD900488C38 /* Base */ = {
			isa = PBXGroup;
			children = (
				466D59531D619BD500488C38 /* BotInfo.h */,
				466D59541D619BD500488C38 /* BotInfo.m */,
				466D595A1D61C07300488C38 /* BotCell.h */,
				466D595B1D61C07300488C38 /* BotCell.m */,
				466D59691D62FD1600488C38 /* IntegrationsInfo.h */,
				466D596A1D62FD1600488C38 /* IntegrationsInfo.m */,
				466D596C1D6331FE00488C38 /* DetailCell.h */,
				466D596D1D6331FE00488C38 /* DetailCell.m */,
				466D59751D644DD100488C38 /* CommitsInfo.h */,
				466D59761D644DD100488C38 /* CommitsInfo.m */,
				466D59781D646E3000488C38 /* CommitCell.h */,
				466D59791D646E3000488C38 /* CommitCell.m */,
			);
			name = Base;
			sourceTree = "<group>";
		};
		46DBACB01D5DAE4C0082E1B0 /* Base */ = {
			isa = PBXGroup;
			children = (
				466D59601D61D78A00488C38 /* Configuration.h */,
				466D59611D61D78A00488C38 /* Configuration.m */,
				466D59571D61BD9F00488C38 /* UIViewController+HUD.h */,
				466D59581D61BD9F00488C38 /* UIViewController+HUD.m */,
				46DBACB21D5DB5D10082E1B0 /* HttpRequest.h */,
				46DBACB31D5DB5D10082E1B0 /* HttpRequest.m */,
				466D59501D61948600488C38 /* HttpResult.h */,
				466D59511D61948600488C38 /* HttpResult.m */,
				46163E7B1D615795006192F4 /* AFURLSessionManagerExtend.h */,
				46163E7C1D615795006192F4 /* AFURLSessionManagerExtend.m */,
				466D595D1D61D66200488C38 /* AFNetworking+Center.h */,
				466D595E1D61D66200488C38 /* AFNetworking+Center.m */,
				466D597E1D65672700488C38 /* NSString+Extend.h */,
				466D597F1D65672700488C38 /* NSString+Extend.m */,
			);
			name = Base;
			sourceTree = "<group>";
		};
		46DBACB11D5DB43B0082E1B0 /* Main */ = {
			isa = PBXGroup;
			children = (
				466D59561D619BD900488C38 /* Base */,
				466D594A1D618F4F00488C38 /* BotsViewController.h */,
				466D594B1D618F4F00488C38 /* BotsViewController.m */,
				466D59631D62E91200488C38 /* IntegrationsViewController.h */,
				466D59641D62E91200488C38 /* IntegrationsViewController.m */,
				466D597B1D64763A00488C38 /* InstallerTableViewController.h */,
				466D597C1D64763A00488C38 /* InstallerTableViewController.m */,
			);
			name = Main;
			sourceTree = "<group>";
		};
		5E2C3C970158E79A2BA25E72 /* Frameworks */ = {
			isa = PBXGroup;
			children = (
				44CCDC2F8EC961DC4143E2C0 /* libPods-XBotInstall.a */,
			);
			name = Frameworks;
			sourceTree = "<group>";
		};
		E7B80C20FF87C359B5118CDB /* Pods */ = {
			isa = PBXGroup;
			children = (
				82F6D119E6786C8134DB5A18 /* Pods-XBotInstall.debug.xcconfig */,
				1957E6A2D883025145C15C7D /* Pods-XBotInstall.release.xcconfig */,
			);
			name = Pods;
			sourceTree = "<group>";
		};
/* End PBXGroup section */

/* Begin PBXNativeTarget section */
		4637FCAF1D5DAB9F002E6278 /* XBotInstall */ = {
			isa = PBXNativeTarget;
			buildConfigurationList = 4637FCCA1D5DAB9F002E6278 /* Build configuration list for PBXNativeTarget "XBotInstall" */;
			buildPhases = (
				EC5BEE003733985426616EAE /* Check Pods Manifest.lock */,
				4637FCAC1D5DAB9F002E6278 /* Sources */,
				4637FCAD1D5DAB9F002E6278 /* Frameworks */,
				4637FCAE1D5DAB9F002E6278 /* Resources */,
				AA0704FE61EDBF8AA69ECF4E /* Embed Pods Frameworks */,
				E3C842A5316E86D858FC0D8D /* Copy Pods Resources */,
			);
			buildRules = (
			);
			dependencies = (
			);
			name = XBotInstall;
			productName = XBotInstall;
			productReference = 4637FCB01D5DAB9F002E6278 /* XBotInstall.app */;
			productType = "com.apple.product-type.application";
		};
/* End PBXNativeTarget section */

/* Begin PBXProject section */
		4637FCA81D5DAB9F002E6278 /* Project object */ = {
			isa = PBXProject;
			attributes = {
				LastUpgradeCheck = 0730;
				ORGANIZATIONNAME = Xiu;
				TargetAttributes = {
					4637FCAF1D5DAB9F002E6278 = {
						CreatedOnToolsVersion = 7.3.1;
						DevelopmentTeam = 3WA6YM4NYR;
					};
				};
			};
			buildConfigurationList = 4637FCAB1D5DAB9F002E6278 /* Build configuration list for PBXProject "XBotInstall" */;
			compatibilityVersion = "Xcode 3.2";
			developmentRegion = English;
			hasScannedForEncodings = 0;
			knownRegions = (
				en,
				Base,
			);
			mainGroup = 4637FCA71D5DAB9F002E6278;
			productRefGroup = 4637FCB11D5DAB9F002E6278 /* Products */;
			projectDirPath = "";
			projectRoot = "";
			targets = (
				4637FCAF1D5DAB9F002E6278 /* XBotInstall */,
			);
		};
/* End PBXProject section */

/* Begin PBXResourcesBuildPhase section */
		4637FCAE1D5DAB9F002E6278 /* Resources */ = {
			isa = PBXResourcesBuildPhase;
			buildActionMask = 2147483647;
			files = (
				4637FCC61D5DAB9F002E6278 /* LaunchScreen.storyboard in Resources */,
				4637FCC31D5DAB9F002E6278 /* Assets.xcassets in Resources */,
				4637FCBE1D5DAB9F002E6278 /* Main.storyboard in Resources */,
			);
			runOnlyForDeploymentPostprocessing = 0;
		};
/* End PBXResourcesBuildPhase section */

/* Begin PBXShellScriptBuildPhase section */
		AA0704FE61EDBF8AA69ECF4E /* Embed Pods Frameworks */ = {
			isa = PBXShellScriptBuildPhase;
			buildActionMask = 2147483647;
			files = (
			);
			inputPaths = (
			);
			name = "Embed Pods Frameworks";
			outputPaths = (
			);
			runOnlyForDeploymentPostprocessing = 0;
			shellPath = /bin/sh;
			shellScript = "\"${SRCROOT}/Pods/Target Support Files/Pods-XBotInstall/Pods-XBotInstall-frameworks.sh\"\n";
			showEnvVarsInLog = 0;
		};
		E3C842A5316E86D858FC0D8D /* Copy Pods Resources */ = {
			isa = PBXShellScriptBuildPhase;
			buildActionMask = 2147483647;
			files = (
			);
			inputPaths = (
			);
			name = "Copy Pods Resources";
			outputPaths = (
			);
			runOnlyForDeploymentPostprocessing = 0;
			shellPath = /bin/sh;
			shellScript = "\"${SRCROOT}/Pods/Target Support Files/Pods-XBotInstall/Pods-XBotInstall-resources.sh\"\n";
			showEnvVarsInLog = 0;
		};
		EC5BEE003733985426616EAE /* Check Pods Manifest.lock */ = {
			isa = PBXShellScriptBuildPhase;
			buildActionMask = 2147483647;
			files = (
			);
			inputPaths = (
			);
			name = "Check Pods Manifest.lock";
			outputPaths = (
			);
			runOnlyForDeploymentPostprocessing = 0;
			shellPath = /bin/sh;
			shellScript = "diff \"${PODS_ROOT}/../Podfile.lock\" \"${PODS_ROOT}/Manifest.lock\" > /dev/null\nif [[ $? != 0 ]] ; then\n    cat << EOM\nerror: The sandbox is not in sync with the Podfile.lock. Run 'pod install' or update your CocoaPods installation.\nEOM\n    exit 1\nfi\n";
			showEnvVarsInLog = 0;
		};
/* End PBXShellScriptBuildPhase section */

/* Begin PBXSourcesBuildPhase section */
		4637FCAC1D5DAB9F002E6278 /* Sources */ = {
			isa = PBXSourcesBuildPhase;
			buildActionMask = 2147483647;
			files = (
				466D596B1D62FD1600488C38 /* IntegrationsInfo.m in Sources */,
				466D59591D61BD9F00488C38 /* UIViewController+HUD.m in Sources */,
				466D59551D619BD500488C38 /* BotInfo.m in Sources */,
				466D59801D65672700488C38 /* NSString+Extend.m in Sources */,
				4637FCC11D5DAB9F002E6278 /* XBotInstall.xcdatamodeld in Sources */,
				46DBACB41D5DB5D10082E1B0 /* HttpRequest.m in Sources */,
				46163E7D1D615795006192F4 /* AFURLSessionManagerExtend.m in Sources */,
				466D595C1D61C07300488C38 /* BotCell.m in Sources */,
				466D595F1D61D66200488C38 /* AFNetworking+Center.m in Sources */,
				4637FCB81D5DAB9F002E6278 /* AppDelegate.m in Sources */,
				466D596E1D6331FE00488C38 /* DetailCell.m in Sources */,
				466D594C1D618F4F00488C38 /* BotsViewController.m in Sources */,
				466D597A1D646E3000488C38 /* CommitCell.m in Sources */,
				466D59771D644DD100488C38 /* CommitsInfo.m in Sources */,
				466D597D1D64763A00488C38 /* InstallerTableViewController.m in Sources */,
				466D59621D61D78A00488C38 /* Configuration.m in Sources */,
				466D59521D61948600488C38 /* HttpResult.m in Sources */,
				4637FCB51D5DAB9F002E6278 /* main.m in Sources */,
				466D59651D62E91200488C38 /* IntegrationsViewController.m in Sources */,
			);
			runOnlyForDeploymentPostprocessing = 0;
		};
/* End PBXSourcesBuildPhase section */

/* Begin PBXVariantGroup section */
		4637FCBC1D5DAB9F002E6278 /* Main.storyboard */ = {
			isa = PBXVariantGroup;
			children = (
				4637FCBD1D5DAB9F002E6278 /* Base */,
			);
			name = Main.storyboard;
			sourceTree = "<group>";
		};
		4637FCC41D5DAB9F002E6278 /* LaunchScreen.storyboard */ = {
			isa = PBXVariantGroup;
			children = (
				4637FCC51D5DAB9F002E6278 /* Base */,
			);
			name = LaunchScreen.storyboard;
			sourceTree = "<group>";
		};
/* End PBXVariantGroup section */

/* Begin XCBuildConfiguration section */
		4637FCC81D5DAB9F002E6278 /* Debug */ = {
			isa = XCBuildConfiguration;
			buildSettings = {
				ALWAYS_SEARCH_USER_PATHS = NO;
				CLANG_ANALYZER_NONNULL = YES;
				CLANG_CXX_LANGUAGE_STANDARD = "gnu++0x";
				CLANG_CXX_LIBRARY = "libc++";
				CLANG_ENABLE_MODULES = YES;
				CLANG_ENABLE_OBJC_ARC = YES;
				CLANG_WARN_BOOL_CONVERSION = YES;
				CLANG_WARN_CONSTANT_CONVERSION = YES;
				CLANG_WARN_DIRECT_OBJC_ISA_USAGE = YES_ERROR;
				CLANG_WARN_EMPTY_BODY = YES;
				CLANG_WARN_ENUM_CONVERSION = YES;
				CLANG_WARN_INT_CONVERSION = YES;
				CLANG_WARN_OBJC_ROOT_CLASS = YES_ERROR;
				CLANG_WARN_UNREACHABLE_CODE = YES;
				CLANG_WARN__DUPLICATE_METHOD_MATCH = YES;
				"CODE_SIGN_IDENTITY[sdk=iphoneos*]" = "iPhone Developer";
				COPY_PHASE_STRIP = NO;
				DEBUG_INFORMATION_FORMAT = dwarf;
				ENABLE_STRICT_OBJC_MSGSEND = YES;
				ENABLE_TESTABILITY = YES;
				GCC_C_LANGUAGE_STANDARD = gnu99;
				GCC_DYNAMIC_NO_PIC = NO;
				GCC_NO_COMMON_BLOCKS = YES;
				GCC_OPTIMIZATION_LEVEL = 0;
				GCC_PREPROCESSOR_DEFINITIONS = (
					"DEBUG=1",
					"$(inherited)",
				);
				GCC_WARN_64_TO_32_BIT_CONVERSION = YES;
				GCC_WARN_ABOUT_RETURN_TYPE = YES_ERROR;
				GCC_WARN_UNDECLARED_SELECTOR = YES;
				GCC_WARN_UNINITIALIZED_AUTOS = YES_AGGRESSIVE;
				GCC_WARN_UNUSED_FUNCTION = YES;
				GCC_WARN_UNUSED_VARIABLE = YES;
				IPHONEOS_DEPLOYMENT_TARGET = 9.3;
				MTL_ENABLE_DEBUG_INFO = YES;
				ONLY_ACTIVE_ARCH = YES;
				SDKROOT = iphoneos;
				TARGETED_DEVICE_FAMILY = "1,2";
			};
			name = Debug;
		};
		4637FCC91D5DAB9F002E6278 /* Release */ = {
			isa = XCBuildConfiguration;
			buildSettings = {
				ALWAYS_SEARCH_USER_PATHS = NO;
				CLANG_ANALYZER_NONNULL = YES;
				CLANG_CXX_LANGUAGE_STANDARD = "gnu++0x";
				CLANG_CXX_LIBRARY = "libc++";
				CLANG_ENABLE_MODULES = YES;
				CLANG_ENABLE_OBJC_ARC = YES;
				CLANG_WARN_BOOL_CONVERSION = YES;
				CLANG_WARN_CONSTANT_CONVERSION = YES;
				CLANG_WARN_DIRECT_OBJC_ISA_USAGE = YES_ERROR;
				CLANG_WARN_EMPTY_BODY = YES;
				CLANG_WARN_ENUM_CONVERSION = YES;
				CLANG_WARN_INT_CONVERSION = YES;
				CLANG_WARN_OBJC_ROOT_CLASS = YES_ERROR;
				CLANG_WARN_UNREACHABLE_CODE = YES;
				CLANG_WARN__DUPLICATE_METHOD_MATCH = YES;
				"CODE_SIGN_IDENTITY[sdk=iphoneos*]" = "iPhone Developer";
				COPY_PHASE_STRIP = NO;
				DEBUG_INFORMATION_FORMAT = "dwarf-with-dsym";
				ENABLE_NS_ASSERTIONS = NO;
				ENABLE_STRICT_OBJC_MSGSEND = YES;
				GCC_C_LANGUAGE_STANDARD = gnu99;
				GCC_NO_COMMON_BLOCKS = YES;
				GCC_WARN_64_TO_32_BIT_CONVERSION = YES;
				GCC_WARN_ABOUT_RETURN_TYPE = YES_ERROR;
				GCC_WARN_UNDECLARED_SELECTOR = YES;
				GCC_WARN_UNINITIALIZED_AUTOS = YES_AGGRESSIVE;
				GCC_WARN_UNUSED_FUNCTION = YES;
				GCC_WARN_UNUSED_VARIABLE = YES;
				IPHONEOS_DEPLOYMENT_TARGET = 9.3;
				MTL_ENABLE_DEBUG_INFO = NO;
				SDKROOT = iphoneos;
				TARGETED_DEVICE_FAMILY = "1,2";
				VALIDATE_PRODUCT = YES;
			};
			name = Release;
		};
		4637FCCB1D5DAB9F002E6278 /* Debug */ = {
			isa = XCBuildConfiguration;
			baseConfigurationReference = 82F6D119E6786C8134DB5A18 /* Pods-XBotInstall.debug.xcconfig */;
			buildSettings = {
				ASSETCATALOG_COMPILER_APPICON_NAME = AppIcon;
				CODE_SIGN_IDENTITY = "iPhone Developer";
				"CODE_SIGN_IDENTITY[sdk=iphoneos*]" = "iPhone Developer";
				INFOPLIST_FILE = XBotInstall/Info.plist;
				IPHONEOS_DEPLOYMENT_TARGET = 8.0;
				LD_RUNPATH_SEARCH_PATHS = "$(inherited) @executable_path/Frameworks";
				PRODUCT_BUNDLE_IDENTIFIER = cn.Xiu.XBotInstall;
				PRODUCT_NAME = "$(TARGET_NAME)";
				PROVISIONING_PROFILE = "";
			};
			name = Debug;
		};
		4637FCCC1D5DAB9F002E6278 /* Release */ = {
			isa = XCBuildConfiguration;
			baseConfigurationReference = 1957E6A2D883025145C15C7D /* Pods-XBotInstall.release.xcconfig */;
			buildSettings = {
				ASSETCATALOG_COMPILER_APPICON_NAME = AppIcon;
				CODE_SIGN_IDENTITY = "iPhone Developer";
				"CODE_SIGN_IDENTITY[sdk=iphoneos*]" = "iPhone Developer";
				INFOPLIST_FILE = XBotInstall/Info.plist;
				IPHONEOS_DEPLOYMENT_TARGET = 8.0;
				LD_RUNPATH_SEARCH_PATHS = "$(inherited) @executable_path/Frameworks";
				PRODUCT_BUNDLE_IDENTIFIER = cn.Xiu.XBotInstall;
				PRODUCT_NAME = "$(TARGET_NAME)";
				PROVISIONING_PROFILE = "";
			};
			name = Release;
		};
/* End XCBuildConfiguration section */

/* Begin XCConfigurationList section */
		4637FCAB1D5DAB9F002E6278 /* Build configuration list for PBXProject "XBotInstall" */ = {
			isa = XCConfigurationList;
			buildConfigurations = (
				4637FCC81D5DAB9F002E6278 /* Debug */,
				4637FCC91D5DAB9F002E6278 /* Release */,
			);
			defaultConfigurationIsVisible = 0;
			defaultConfigurationName = Release;
		};
		4637FCCA1D5DAB9F002E6278 /* Build configuration list for PBXNativeTarget "XBotInstall" */ = {
			isa = XCConfigurationList;
			buildConfigurations = (
				4637FCCB1D5DAB9F002E6278 /* Debug */,
				4637FCCC1D5DAB9F002E6278 /* Release */,
			);
			defaultConfigurationIsVisible = 0;
			defaultConfigurationName = Release;
		};
/* End XCConfigurationList section */

/* Begin XCVersionGroup section */
		4637FCBF1D5DAB9F002E6278 /* XBotInstall.xcdatamodeld */ = {
			isa = XCVersionGroup;
			children = (
				4637FCC01D5DAB9F002E6278 /* XBotInstall.xcdatamodel */,
			);
			currentVersion = 4637FCC01D5DAB9F002E6278 /* XBotInstall.xcdatamodel */;
			path = XBotInstall.xcdatamodeld;
			sourceTree = "<group>";
			versionGroupType = wrapper.xcdatamodel;
		};
/* End XCVersionGroup section */
	};
	rootObject = 4637FCA81D5DAB9F002E6278 /* Project object */;
}
