PODS:
  - AFNetworking (3.1.0):
    - AFNetworking/NSURLSession (= 3.1.0)
    - AFNetworking/Reachability (= 3.1.0)
    - AFNetworking/Security (= 3.1.0)
    - AFNetworking/Serialization (= 3.1.0)
    - AFNetworking/UIKit (= 3.1.0)
  - AFNetworking/NSURLSession (3.1.0):
    - AFNetworking/Reachability
    - AFNetworking/Security
    - AFNetworking/Serialization
  - AFNetworking/Reachability (3.1.0)
  - AFNetworking/Security (3.1.0)
  - AFNetworking/Serialization (3.1.0)
  - AFNetworking/UIKit (3.1.0):
    - AFNetworking/NSURLSession
  - CocoaAsyncSocket (7.5.0):
    - CocoaAsyncSocket/GCD (= 7.5.0)
  - CocoaAsyncSocket/GCD (7.5.0)
  - CocoaHTTPServer (2.3):
    - CocoaAsyncSocket
    - CocoaLumberjack
  - CocoaLumberjack (2.3.0):
    - CocoaLumberjack/Default (= 2.3.0)
    - CocoaLumberjack/Extensions (= 2.3.0)
  - CocoaLumberjack/Core (2.3.0)
  - CocoaLumberjack/Default (2.3.0):
    - CocoaLumberjack/Core
  - CocoaLumberjack/Extensions (2.3.0):
    - CocoaLumberjack/Default
  - HappyDNS (0.3.10)
  - MJRefresh (3.1.12)
  - NSObjectExtend (1.8.1):
    - NSObjectExtend/All (= 1.8.1)
  - NSObjectExtend/All (1.8.1):
    - NSObjectExtend/Core
    - NSObjectExtend/CoreLocation
    - NSObjectExtend/UIKit
  - NSObjectExtend/Core (1.8.1)
  - NSObjectExtend/CoreLocation (1.8.1):
    - NSObjectExtend/Core
  - NSObjectExtend/UIKit (1.8.1):
    - NSObjectExtend/Core
  - Qiniu (7.1.0.1):
    - AFNetworking (~> 3)
    - HappyDNS (~> 0.3)
  - RoutingHTTPServer (1.0.0):
    - CocoaHTTPServer (~> 2.3)
  - SSObject (1.4.4)
  - SVProgressHUD (2.0.3)

DEPENDENCIES:
  - AFNetworking
  - MJRefresh
  - NSObjectExtend
  - Qiniu
  - RoutingHTTPServer
  - SSObject (= 1.4.4)
  - SVProgressHUD

SPEC CHECKSUMS:
  AFNetworking: 5e0e199f73d8626b11e79750991f5d173d1f8b67
  CocoaAsyncSocket: 3baeb1ddd969f81cf9fca81053ae49ef2d1cbbfa
  CocoaHTTPServer: 5624681fc3473d43b18202f635f9b3abb013b530
  CocoaLumberjack: 97fab7ee5f507fe54445cca7ea80f926729cfd15
  HappyDNS: 06a9fed2796663fd87626dbf02552933265bf059
  MJRefresh: b96cdb21c4aa75a7b07654311ab2f315c497e806
  NSObjectExtend: cf77da3b288c26bd695584bada8f891e0cddad18
  Qiniu: 0e92ff0d1b9afbc55275306671284e4ebeb08d03
  RoutingHTTPServer: fab8b13e725f26720500c146d43c98c11ebc4d47
  SSObject: b0ca2da20f0a1526db7e2199ac91cd0eed977391
  SVProgressHUD: b0830714205bea1317ea1a2ebc71e5633af334d4

COCOAPODS: 0.39.0
